// !$*UTF8*$!
{
	archiveVersion = 1;
	classes = {
	};
	objectVersion = 46;
	objects = {

/* Begin PBXBuildFile section */
		468BE8C41C3DE436005CBD87 /* AppDelegate.swift in Sources */ = {isa = PBXBuildFile; fileRef = 468BE8C31C3DE436005CBD87 /* AppDelegate.swift */; };
		468BE8C61C3DE436005CBD87 /* ViewController.swift in Sources */ = {isa = PBXBuildFile; fileRef = 468BE8C51C3DE436005CBD87 /* ViewController.swift */; };
		468BE8C91C3DE436005CBD87 /* Main.storyboard in Resources */ = {isa = PBXBuildFile; fileRef = 468BE8C71C3DE436005CBD87 /* Main.storyboard */; };
		468BE8CB1C3DE436005CBD87 /* Assets.xcassets in Resources */ = {isa = PBXBuildFile; fileRef = 468BE8CA1C3DE436005CBD87 /* Assets.xcassets */; };
		468BE8CE1C3DE436005CBD87 /* LaunchScreen.storyboard in Resources */ = {isa = PBXBuildFile; fileRef = 468BE8CC1C3DE436005CBD87 /* LaunchScreen.storyboard */; };
/* End PBXBuildFile section */

/* Begin PBXFileReference section */
		468BE8C01C3DE436005CBD87 /* Timer2.0.app */ = {isa = PBXFileReference; explicitFileType = wrapper.application; includeInIndex = 0; path = Timer2.0.app; sourceTree = BUILT_PRODUCTS_DIR; };
		468BE8C31C3DE436005CBD87 /* AppDelegate.swift */ = {isa = PBXFileReference; lastKnownFileType = sourcecode.swift; path = AppDelegate.swift; sourceTree = "<group>"; };
		468BE8C51C3DE436005CBD87 /* ViewController.swift */ = {isa = PBXFileReference; lastKnownFileType = sourcecode.swift; path = ViewController.swift; sourceTree = "<group>"; };
		468BE8C81C3DE436005CBD87 /* Base */ = {isa = PBXFileReference; lastKnownFileType = file.storyboard; name = Base; path = Base.lproj/Main.storyboard; sourceTree = "<group>"; };
		468BE8CA1C3DE436005CBD87 /* Assets.xcassets */ = {isa = PBXFileReference; lastKnownFileType = folder.assetcatalog; path = Assets.xcassets; sourceTree = "<group>"; };
		468BE8CD1C3DE436005CBD87 /* Base */ = {isa = PBXFileReference; lastKnownFileType = file.storyboard; name = Base; path = Base.lproj/LaunchScreen.storyboard; sourceTree = "<group>"; };
		468BE8CF1C3DE436005CBD87 /* Info.plist */ = {isa = PBXFileReference; lastKnownFileType = text.plist.xml; path = Info.plist; sourceTree = "<group>"; };
/* End PBXFileReference section */

/* Begin PBXFrameworksBuildPhase section */
		468BE8BD1C3DE436005CBD87 /* Frameworks */ = {
			isa = PBXFrameworksBuildPhase;
			buildActionMask = 2147483647;
			files = (
			);
			runOnlyForDeploymentPostprocessing = 0;
		};
/* End PBXFrameworksBuildPhase section */

/* Begin PBXGroup section */
		468BE8B71C3DE436005CBD87 = {
			isa = PBXGroup;
			children = (
				468BE8C21C3DE436005CBD87 /* Timer2.0 */,
				468BE8C11C3DE436005CBD87 /* Products */,
			);
			sourceTree = "<group>";
		};
		468BE8C11C3DE436005CBD87 /* Products */ = {
			isa = PBXGroup;
			children = (
				468BE8C01C3DE436005CBD87 /* Timer2.0.app */,
			);
			name = Products;
			sourceTree = "<group>";
		};
		468BE8C21C3DE436005CBD87 /* Timer2.0 */ = {
			isa = PBXGroup;
			children = (
				468BE8C31C3DE436005CBD87 /* AppDelegate.swift */,
				468BE8C51C3DE436005CBD87 /* ViewController.swift */,
				468BE8C71C3DE436005CBD87 /* Main.storyboard */,
				468BE8CA1C3DE436005CBD87 /* Assets.xcassets */,
				468BE8CC1C3DE436005CBD87 /* LaunchScreen.storyboard */,
				468BE8CF1C3DE436005CBD87 /* Info.plist */,
			);
			path = Timer2.0;
			sourceTree = "<group>";
		};
/* End PBXGroup section */

/* Begin PBXNativeTarget section */
		468BE8BF1C3DE436005CBD87 /* Timer2.0 */ = {
			isa = PBXNativeTarget;
			buildConfigurationList = 468BE8D21C3DE436005CBD87 /* Build configuration list for PBXNativeTarget "Timer2.0" */;
			buildPhases = (
				468BE8BC1C3DE436005CBD87 /* Sources */,
				468BE8BD1C3DE436005CBD87 /* Frameworks */,
				468BE8BE1C3DE436005CBD87 /* Resources */,
			);
			buildRules = (
			);
			dependencies = (
			);
			name = Timer2.0;
			productName = Timer2.0;
			productReference = 468BE8C01C3DE436005CBD87 /* Timer2.0.app */;
			productType = "com.apple.product-type.application";
		};
/* End PBXNativeTarget section */

/* Begin PBXProject section */
		468BE8B81C3DE436005CBD87 /* Project object */ = {
			isa = PBXProject;
			attributes = {
				LastSwiftUpdateCheck = 0720;
				LastUpgradeCheck = 0720;
				ORGANIZATIONNAME = "Alex Nguyen";
				TargetAttributes = {
					468BE8BF1C3DE436005CBD87 = {
						CreatedOnToolsVersion = 7.2;
					};
				};
			};
			buildConfigurationList = 468BE8BB1C3DE436005CBD87 /* Build configuration list for PBXProject "Timer2.0" */;
			compatibilityVersion = "Xcode 3.2";
			developmentRegion = English;
			hasScannedForEncodings = 0;
			knownRegions = (
				en,
				Base,
			);
			mainGroup = 468BE8B71C3DE436005CBD87;
			productRefGroup = 468BE8C11C3DE436005CBD87 /* Products */;
			projectDirPath = "";
			projectRoot = "";
			targets = (
				468BE8BF1C3DE436005CBD87 /* Timer2.0 */,
			);
		};
/* End PBXProject section */

/* Begin PBXResourcesBuildPhase section */
		468BE8BE1C3DE436005CBD87 /* Resources */ = {
			isa = PBXResourcesBuildPhase;
			buildActionMask = 2147483647;
			files = (
				468BE8CE1C3DE436005CBD87 /* LaunchScreen.storyboard in Resources */,
				468BE8CB1C3DE436005CBD87 /* Assets.xcassets in Resources */,
				468BE8C91C3DE436005CBD87 /* Main.storyboard in Resources */,
			);
			runOnlyForDeploymentPostprocessing = 0;
		};
/* End PBXResourcesBuildPhase section */

/* Begin PBXSourcesBuildPhase section */
		468BE8BC1C3DE436005CBD87 /* Sources */ = {
			isa = PBXSourcesBuildPhase;
			buildActionMask = 2147483647;
			files = (
				468BE8C61C3DE436005CBD87 /* ViewController.swift in Sources */,
				468BE8C41C3DE436005CBD87 /* AppDelegate.swift in Sources */,
			);
			runOnlyForDeploymentPostprocessing = 0;
		};
/* End PBXSourcesBuildPhase section */

/* Begin PBXVariantGroup section */
		468BE8C71C3DE436005CBD87 /* Main.storyboard */ = {
			isa = PBXVariantGroup;
			children = (
				468BE8C81C3DE436005CBD87 /* Base */,
			);
			name = Main.storyboard;
			sourceTree = "<group>";
		};
		468BE8CC1C3DE436005CBD87 /* LaunchScreen.storyboard */ = {
			isa = PBXVariantGroup;
			children = (
				468BE8CD1C3DE436005CBD87 /* Base */,
			);
			name = LaunchScreen.storyboard;
			sourceTree = "<group>";
		};
/* End PBXVariantGroup section */

/* Begin XCBuildConfiguration section */
		468BE8D01C3DE436005CBD87 /* Debug */ = {
			isa = XCBuildConfiguration;
			buildSettings = {
				ALWAYS_SEARCH_USER_PATHS = NO;
				CLANG_CXX_LANGUAGE_STANDARD = "gnu++0x";
				CLANG_CXX_LIBRARY = "libc++";
				CLANG_ENABLE_MODULES = YES;
				CLANG_ENABLE_OBJC_ARC = YES;
				CLANG_WARN_BOOL_CONVERSION = YES;
				CLANG_WARN_CONSTANT_CONVERSION = YES;
				CLANG_WARN_DIRECT_OBJC_ISA_USAGE = YES_ERROR;
				CLANG_WARN_EMPTY_BODY = YES;
				CLANG_WARN_ENUM_CONVERSION = YES;
				CLANG_WARN_INT_CONVERSION = YES;
				CLANG_WARN_OBJC_ROOT_CLASS = YES_ERROR;
				CLANG_WARN_UNREACHABLE_CODE = YES;
				CLANG_WARN__DUPLICATE_METHOD_MATCH = YES;
				"CODE_SIGN_IDENTITY[sdk=iphoneos*]" = "iPhone Developer";
				COPY_PHASE_STRIP = NO;
				DEBUG_INFORMATION_FORMAT = dwarf;
				ENABLE_STRICT_OBJC_MSGSEND = YES;
				ENABLE_TESTABILITY = YES;
				GCC_C_LANGUAGE_STANDARD = gnu99;
				GCC_DYNAMIC_NO_PIC = NO;
				GCC_NO_COMMON_BLOCKS = YES;
				GCC_OPTIMIZATION_LEVEL = 0;
				GCC_PREPROCESSOR_DEFINITIONS = (
					"DEBUG=1",
					"$(inherited)",
				);
				GCC_WARN_64_TO_32_BIT_CONVERSION = YES;
				GCC_WARN_ABOUT_RETURN_TYPE = YES_ERROR;
				GCC_WARN_UNDECLARED_SELECTOR = YES;
				GCC_WARN_UNINITIALIZED_AUTOS = YES_AGGRESSIVE;
				GCC_WARN_UNUSED_FUNCTION = YES;
				GCC_WARN_UNUSED_VARIABLE = YES;
				IPHONEOS_DEPLOYMENT_TARGET = 9.2;
				MTL_ENABLE_DEBUG_INFO = YES;
				ONLY_ACTIVE_ARCH = YES;
				SDKROOT = iphoneos;
				SWIFT_OPTIMIZATION_LEVEL = "-Onone";
			};
			name = Debug;
		};
		468BE8D11C3DE436005CBD87 /* Release */ = {
			isa = XCBuildConfiguration;
			buildSettings = {
				ALWAYS_SEARCH_USER_PATHS = NO;
				CLANG_CXX_LANGUAGE_STANDARD = "gnu++0x";
				CLANG_CXX_LIBRARY = "libc++";
				CLANG_ENABLE_MODULES = YES;
				CLANG_ENABLE_OBJC_ARC = YES;
				CLANG_WARN_BOOL_CONVERSION = YES;
				CLANG_WARN_CONSTANT_CONVERSION = YES;
				CLANG_WARN_DIRECT_OBJC_ISA_USAGE = YES_ERROR;
				CLANG_WARN_EMPTY_BODY = YES;
				CLANG_WARN_ENUM_CONVERSION = YES;
				CLANG_WARN_INT_CONVERSION = YES;
				CLANG_WARN_OBJC_ROOT_CLASS = YES_ERROR;
				CLANG_WARN_UNREACHABLE_CODE = YES;
				CLANG_WARN__DUPLICATE_METHOD_MATCH = YES;
				"CODE_SIGN_IDENTITY[sdk=iphoneos*]" = "iPhone Developer";
				COPY_PHASE_STRIP = NO;
				DEBUG_INFORMATION_FORMAT = "dwarf-with-dsym";
				ENABLE_NS_ASSERTIONS = NO;
				ENABLE_STRICT_OBJC_MSGSEND = YES;
				GCC_C_LANGUAGE_STANDARD = gnu99;
				GCC_NO_COMMON_BLOCKS = YES;
				GCC_WARN_64_TO_32_BIT_CONVERSION = YES;
				GCC_WARN_ABOUT_RETURN_TYPE = YES_ERROR;
				GCC_WARN_UNDECLARED_SELECTOR = YES;
				GCC_WARN_UNINITIALIZED_AUTOS = YES_AGGRESSIVE;
				GCC_WARN_UNUSED_FUNCTION = YES;
				GCC_WARN_UNUSED_VARIABLE = YES;
				IPHONEOS_DEPLOYMENT_TARGET = 9.2;
				MTL_ENABLE_DEBUG_INFO = NO;
				SDKROOT = iphoneos;
				VALIDATE_PRODUCT = YES;
			};
			name = Release;
		};
		468BE8D31C3DE436005CBD87 /* Debug */ = {
			isa = XCBuildConfiguration;
			buildSettings = {
				ASSETCATALOG_COMPILER_APPICON_NAME = AppIcon;
				INFOPLIST_FILE = Timer2.0/Info.plist;
				LD_RUNPATH_SEARCH_PATHS = "$(inherited) @executable_path/Frameworks";
				PRODUCT_BUNDLE_IDENTIFIER = "com.AlexNguyen.Timer2-0";
				PRODUCT_NAME = "$(TARGET_NAME)";
			};
			name = Debug;
		};
		468BE8D41C3DE436005CBD87 /* Release */ = {
			isa = XCBuildConfiguration;
			buildSettings = {
				ASSETCATALOG_COMPILER_APPICON_NAME = AppIcon;
				INFOPLIST_FILE = Timer2.0/Info.plist;
				LD_RUNPATH_SEARCH_PATHS = "$(inherited) @executable_path/Frameworks";
				PRODUCT_BUNDLE_IDENTIFIER = "com.AlexNguyen.Timer2-0";
				PRODUCT_NAME = "$(TARGET_NAME)";
			};
			name = Release;
		};
/* End XCBuildConfiguration section */

/* Begin XCConfigurationList section */
		468BE8BB1C3DE436005CBD87 /* Build configuration list for PBXProject "Timer2.0" */ = {
			isa = XCConfigurationList;
			buildConfigurations = (
				468BE8D01C3DE436005CBD87 /* Debug */,
				468BE8D11C3DE436005CBD87 /* Release */,
			);
			defaultConfigurationIsVisible = 0;
			defaultConfigurationName = Release;
		};
		468BE8D21C3DE436005CBD87 /* Build configuration list for PBXNativeTarget "Timer2.0" */ = {
			isa = XCConfigurationList;
			buildConfigurations = (
				468BE8D31C3DE436005CBD87 /* Debug */,
				468BE8D41C3DE436005CBD87 /* Release */,
			);
			defaultConfigurationIsVisible = 0;
		};
/* End XCConfigurationList section */
	};
	rootObject = 468BE8B81C3DE436005CBD87 /* Project object */;
}
